{
  "name": "girgle",
  "version": "1.0.5",
  "lockfileVersion": 1,
  "requires": true,
  "dependencies": {
    "girgle_colors": {
      "version": "1.0.1",
      "resolved": "https://registry.npmjs.org/girgle_colors/-/girgle_colors-1.0.1.tgz",
      "integrity": "sha512-XZxrSC8iAFLm6z1LpOQ39CUpOw6fCos5cOt2fWyDaj5pQFHSQplAIzSdX2pjr7srt3cves4S1RLVuiLlRDjPLg=="
    }
  }
}
